Microsoft Visual Studio Solution File, Format Version 12.00
# Visual Studio Version 17
VisualStudioVersion = 17.0.31903.59
MinimumVisualStudioVersion = 10.0.40219.1
Project("{FAE04EC0-301F-11D3-BF4B-00C04F79EFBC}") = "GodotSteamworks.NET", "src\GodotSteamworks.NET\GodotSteamworks.NET.csproj", "{A1B2C3D4-E5F6-7890-ABCD-EF1234567890}"
EndProject
Project("{FAE04EC0-301F-11D3-BF4B-00C04F79EFBC}") = "demo", "demo\demo.csproj", "{2D07561B-3425-463D-A55E-4CB79893897B}"
EndProject
Global
	GlobalSection(SolutionConfigurationPlatforms) = preSolution
		Debug|Any CPU = Debug|Any CPU
		Release|Any CPU = Release|Any CPU
		ExportDebug|Any CPU = ExportDebug|Any CPU
		ExportRelease|Any CPU = ExportRelease|Any CPU
	EndGlobalSection
	GlobalSection(ProjectConfigurationPlatforms) = postSolution
		{A1B2C3D4-E5F6-7890-ABCD-EF1234567890}.Debug|Any CPU.ActiveCfg = Debug|Any CPU
		{A1B2C3D4-E5F6-7890-ABCD-EF1234567890}.Debug|Any CPU.Build.0 = Debug|Any CPU
		{A1B2C3D4-E5F6-7890-ABCD-EF1234567890}.Release|Any CPU.ActiveCfg = Release|Any CPU
		{A1B2C3D4-E5F6-7890-ABCD-EF1234567890}.Release|Any CPU.Build.0 = Release|Any CPU
		{A1B2C3D4-E5F6-7890-ABCD-EF1234567890}.ExportDebug|Any CPU.ActiveCfg = Debug|Any CPU
		{A1B2C3D4-E5F6-7890-ABCD-EF1234567890}.ExportDebug|Any CPU.Build.0 = Debug|Any CPU
		{A1B2C3D4-E5F6-7890-ABCD-EF1234567890}.ExportRelease|Any CPU.ActiveCfg = Release|Any CPU
		{A1B2C3D4-E5F6-7890-ABCD-EF1234567890}.ExportRelease|Any CPU.Build.0 = Release|Any CPU
		{2D07561B-3425-463D-A55E-4CB79893897B}.Debug|Any CPU.ActiveCfg = Debug|Any CPU
		{2D07561B-3425-463D-A55E-4CB79893897B}.Debug|Any CPU.Build.0 = Debug|Any CPU
		{2D07561B-3425-463D-A55E-4CB79893897B}.ExportDebug|Any CPU.ActiveCfg = ExportDebug|Any CPU
		{2D07561B-3425-463D-A55E-4CB79893897B}.ExportDebug|Any CPU.Build.0 = ExportDebug|Any CPU
		{2D07561B-3425-463D-A55E-4CB79893897B}.ExportRelease|Any CPU.ActiveCfg = ExportRelease|Any CPU
		{2D07561B-3425-463D-A55E-4CB79893897B}.ExportRelease|Any CPU.Build.0 = ExportRelease|Any CPU
	EndGlobalSection
EndGlobalSection